
Microsoft Visual Studio Solution File, Format Version 12.00
# Visual Studio Version 16
VisualStudioVersion = 16.0.30717.126
MinimumVisualStudioVersion = 10.0.40219.1
Project("{FAE04EC0-301F-11D3-BF4B-00C04F79EFBC}") = "EncapsulationLab", "EncapsulationLab\EncapsulationLab.csproj", "{E7BDCE1C-6A55-4EFB-8403-0373FCF01A9C}"
EndProject
Project("{FAE04EC0-301F-11D3-BF4B-00C04F79EFBC}") = "01.SortPersonsByNameAndAge", "01.SortPersonsByNameAndAge\01.SortPersonsByNameAndAge.csproj", "{23D89D66-8D43-4660-81E1-3EB6A74035A2}"
EndProject
Global
	GlobalSection(SolutionConfigurationPlatforms) = preSolution
		Debug|Any CPU = Debug|Any CPU
		Release|Any CPU = Release|Any CPU
	EndGlobalSection
	GlobalSection(ProjectConfigurationPlatforms) = postSolution
		{E7BDCE1C-6A55-4EFB-8403-0373FCF01A9C}.Debug|Any CPU.ActiveCfg = Debug|Any CPU
		{E7BDCE1C-6A55-4EFB-8403-0373FCF01A9C}.Debug|Any CPU.Build.0 = Debug|Any CPU
		{E7BDCE1C-6A55-4EFB-8403-0373FCF01A9C}.Release|Any CPU.ActiveCfg = Release|Any CPU
		{E7BDCE1C-6A55-4EFB-8403-0373FCF01A9C}.Release|Any CPU.Build.0 = Release|Any CPU
		{23D89D66-8D43-4660-81E1-3EB6A74035A2}.Debug|Any CPU.ActiveCfg = Debug|Any CPU
		{23D89D66-8D43-4660-81E1-3EB6A74035A2}.Debug|Any CPU.Build.0 = Debug|Any CPU
		{23D89D66-8D43-4660-81E1-3EB6A74035A2}.Release|Any CPU.ActiveCfg = Release|Any CPU
		{23D89D66-8D43-4660-81E1-3EB6A74035A2}.Release|Any CPU.Build.0 = Release|Any CPU
	EndGlobalSection
	GlobalSection(SolutionProperties) = preSolution
		HideSolutionNode = FALSE
	EndGlobalSection
	GlobalSection(ExtensibilityGlobals) = postSolution
		SolutionGuid = {D8DB5576-2A5E-4E32-9057-A7E2A96211D9}
	EndGlobalSection
EndGlobal
