
Microsoft Visual Studio Solution File, Format Version 12.00
# Visual Studio Version 16
VisualStudioVersion = 16.0.30717.126
MinimumVisualStudioVersion = 10.0.40219.1
Project("{FAE04EC0-301F-11D3-BF4B-00C04F79EFBC}") = "InheritanceLab", "InheritanceLab\InheritanceLab.csproj", "{23002E50-79A0-426F-B8AF-75DB72248A84}"
EndProject
Project("{FAE04EC0-301F-11D3-BF4B-00C04F79EFBC}") = "InheritanceDemo", "InheritanceDemo\InheritanceDemo.csproj", "{959F7980-0BF0-480F-9766-A90354C062D6}"
EndProject
Project("{FAE04EC0-301F-11D3-BF4B-00C04F79EFBC}") = "VirtualMethodsDemo", "VirtualMethodsDemo\VirtualMethodsDemo.csproj", "{F1B51C55-9543-4CED-97A2-130BC830D3F5}"
EndProject
Project("{FAE04EC0-301F-11D3-BF4B-00C04F79EFBC}") = "Farm", "Farm\Farm.csproj", "{F9445615-EA45-41D7-A3DF-961EBCC35819}"
EndProject
Project("{FAE04EC0-301F-11D3-BF4B-00C04F79EFBC}") = "CustomRandomList", "CustomRandomList\CustomRandomList.csproj", "{9B0A6122-E552-49D7-A06D-72C42E6DC934}"
EndProject
Project("{FAE04EC0-301F-11D3-BF4B-00C04F79EFBC}") = "CustomStack", "CustomStack\CustomStack.csproj", "{17E81AE1-BD26-4903-9F11-7CE360E4EC8D}"
EndProject
Global
	GlobalSection(SolutionConfigurationPlatforms) = preSolution
		Debug|Any CPU = Debug|Any CPU
		Release|Any CPU = Release|Any CPU
	EndGlobalSection
	GlobalSection(ProjectConfigurationPlatforms) = postSolution
		{23002E50-79A0-426F-B8AF-75DB72248A84}.Debug|Any CPU.ActiveCfg = Debug|Any CPU
		{23002E50-79A0-426F-B8AF-75DB72248A84}.Debug|Any CPU.Build.0 = Debug|Any CPU
		{23002E50-79A0-426F-B8AF-75DB72248A84}.Release|Any CPU.ActiveCfg = Release|Any CPU
		{23002E50-79A0-426F-B8AF-75DB72248A84}.Release|Any CPU.Build.0 = Release|Any CPU
		{959F7980-0BF0-480F-9766-A90354C062D6}.Debug|Any CPU.ActiveCfg = Debug|Any CPU
		{959F7980-0BF0-480F-9766-A90354C062D6}.Debug|Any CPU.Build.0 = Debug|Any CPU
		{959F7980-0BF0-480F-9766-A90354C062D6}.Release|Any CPU.ActiveCfg = Release|Any CPU
		{959F7980-0BF0-480F-9766-A90354C062D6}.Release|Any CPU.Build.0 = Release|Any CPU
		{F1B51C55-9543-4CED-97A2-130BC830D3F5}.Debug|Any CPU.ActiveCfg = Debug|Any CPU
		{F1B51C55-9543-4CED-97A2-130BC830D3F5}.Debug|Any CPU.Build.0 = Debug|Any CPU
		{F1B51C55-9543-4CED-97A2-130BC830D3F5}.Release|Any CPU.ActiveCfg = Release|Any CPU
		{F1B51C55-9543-4CED-97A2-130BC830D3F5}.Release|Any CPU.Build.0 = Release|Any CPU
		{F9445615-EA45-41D7-A3DF-961EBCC35819}.Debug|Any CPU.ActiveCfg = Debug|Any CPU
		{F9445615-EA45-41D7-A3DF-961EBCC35819}.Debug|Any CPU.Build.0 = Debug|Any CPU
		{F9445615-EA45-41D7-A3DF-961EBCC35819}.Release|Any CPU.ActiveCfg = Release|Any CPU
		{F9445615-EA45-41D7-A3DF-961EBCC35819}.Release|Any CPU.Build.0 = Release|Any CPU
		{9B0A6122-E552-49D7-A06D-72C42E6DC934}.Debug|Any CPU.ActiveCfg = Debug|Any CPU
		{9B0A6122-E552-49D7-A06D-72C42E6DC934}.Debug|Any CPU.Build.0 = Debug|Any CPU
		{9B0A6122-E552-49D7-A06D-72C42E6DC934}.Release|Any CPU.ActiveCfg = Release|Any CPU
		{9B0A6122-E552-49D7-A06D-72C42E6DC934}.Release|Any CPU.Build.0 = Release|Any CPU
		{17E81AE1-BD26-4903-9F11-7CE360E4EC8D}.Debug|Any CPU.ActiveCfg = Debug|Any CPU
		{17E81AE1-BD26-4903-9F11-7CE360E4EC8D}.Debug|Any CPU.Build.0 = Debug|Any CPU
		{17E81AE1-BD26-4903-9F11-7CE360E4EC8D}.Release|Any CPU.ActiveCfg = Release|Any CPU
		{17E81AE1-BD26-4903-9F11-7CE360E4EC8D}.Release|Any CPU.Build.0 = Release|Any CPU
	EndGlobalSection
	GlobalSection(SolutionProperties) = preSolution
		HideSolutionNode = FALSE
	EndGlobalSection
	GlobalSection(ExtensibilityGlobals) = postSolution
		SolutionGuid = {86D52F6F-CDE5-4D05-A7AF-6CEA1282623B}
	EndGlobalSection
EndGlobal
