
Microsoft Visual Studio Solution File, Format Version 12.00
# Visual Studio Version 16
VisualStudioVersion = 16.0.30523.141
MinimumVisualStudioVersion = 10.0.40219.1
Project("{9A19103F-16F7-4668-BE54-9A1E7A4F7556}") = "MethodsLab", "MethodsLab\MethodsLab.csproj", "{FFF22703-D7A9-4884-9516-D10997423021}"
EndProject
Project("{9A19103F-16F7-4668-BE54-9A1E7A4F7556}") = "01. Sign of integer numbers", "01. Sign of integer numbers\01. Sign of integer numbers.csproj", "{67171FB6-83AB-43AB-BA68-8E28D4A6BBC3}"
EndProject
Project("{9A19103F-16F7-4668-BE54-9A1E7A4F7556}") = "02. Grades", "02. Grades\02. Grades.csproj", "{379D0C52-E488-4DAE-9191-BCA6AD3BD420}"
EndProject
Project("{9A19103F-16F7-4668-BE54-9A1E7A4F7556}") = "03. Calculations", "03. Calculations\03. Calculations.csproj", "{39AC8EF8-1430-4B4B-87D5-63A42E37E004}"
EndProject
Project("{9A19103F-16F7-4668-BE54-9A1E7A4F7556}") = "04. Print triangle", "04. Print triangle\04. Print triangle.csproj", "{ACBF52EE-B4A6-4125-B839-BF24B9E0937C}"
EndProject
Project("{9A19103F-16F7-4668-BE54-9A1E7A4F7556}") = "05.Orders", "05.Orders\05.Orders.csproj", "{08572B24-6B27-4ACA-9CEC-EDE5C3090BFD}"
EndProject
Project("{9A19103F-16F7-4668-BE54-9A1E7A4F7556}") = "06.Calculate rectangle area", "06.Calculate rectangle area\06.Calculate rectangle area.csproj", "{D5DCD936-A35A-40A3-9D0A-9E62A34A2311}"
EndProject
Project("{9A19103F-16F7-4668-BE54-9A1E7A4F7556}") = "07.Repeat string", "07.Repeat string\07.Repeat string.csproj", "{8B50DE0E-EEF1-4A97-B8A9-921F5EE9EA42}"
EndProject
Project("{9A19103F-16F7-4668-BE54-9A1E7A4F7556}") = "08.MathPow", "08.MathPow\08.MathPow.csproj", "{5C78F286-E019-40C3-A00D-FB5426A2139B}"
EndProject
Project("{9A19103F-16F7-4668-BE54-9A1E7A4F7556}") = "09.Greater", "09.Greater\09.Greater.csproj", "{B82A2E6E-BEBE-44CB-A21F-512B33239E63}"
EndProject
Project("{FAE04EC0-301F-11D3-BF4B-00C04F79EFBC}") = "10. Multiply even by odds", "10. Multiply even by odds\10. Multiply even by odds.csproj", "{77BB53A6-1401-46FC-B8D2-959FA518858B}"
EndProject
Project("{FAE04EC0-301F-11D3-BF4B-00C04F79EFBC}") = "11.Math operations", "11.Math operations\11.Math operations.csproj", "{E9767693-F305-4518-ADDF-C23B2B7BE050}"
EndProject
Global
	GlobalSection(SolutionConfigurationPlatforms) = preSolution
		Debug|Any CPU = Debug|Any CPU
		Release|Any CPU = Release|Any CPU
	EndGlobalSection
	GlobalSection(ProjectConfigurationPlatforms) = postSolution
		{FFF22703-D7A9-4884-9516-D10997423021}.Debug|Any CPU.ActiveCfg = Debug|Any CPU
		{FFF22703-D7A9-4884-9516-D10997423021}.Debug|Any CPU.Build.0 = Debug|Any CPU
		{FFF22703-D7A9-4884-9516-D10997423021}.Release|Any CPU.ActiveCfg = Release|Any CPU
		{FFF22703-D7A9-4884-9516-D10997423021}.Release|Any CPU.Build.0 = Release|Any CPU
		{67171FB6-83AB-43AB-BA68-8E28D4A6BBC3}.Debug|Any CPU.ActiveCfg = Debug|Any CPU
		{67171FB6-83AB-43AB-BA68-8E28D4A6BBC3}.Debug|Any CPU.Build.0 = Debug|Any CPU
		{67171FB6-83AB-43AB-BA68-8E28D4A6BBC3}.Release|Any CPU.ActiveCfg = Release|Any CPU
		{67171FB6-83AB-43AB-BA68-8E28D4A6BBC3}.Release|Any CPU.Build.0 = Release|Any CPU
		{379D0C52-E488-4DAE-9191-BCA6AD3BD420}.Debug|Any CPU.ActiveCfg = Debug|Any CPU
		{379D0C52-E488-4DAE-9191-BCA6AD3BD420}.Debug|Any CPU.Build.0 = Debug|Any CPU
		{379D0C52-E488-4DAE-9191-BCA6AD3BD420}.Release|Any CPU.ActiveCfg = Release|Any CPU
		{379D0C52-E488-4DAE-9191-BCA6AD3BD420}.Release|Any CPU.Build.0 = Release|Any CPU
		{39AC8EF8-1430-4B4B-87D5-63A42E37E004}.Debug|Any CPU.ActiveCfg = Debug|Any CPU
		{39AC8EF8-1430-4B4B-87D5-63A42E37E004}.Debug|Any CPU.Build.0 = Debug|Any CPU
		{39AC8EF8-1430-4B4B-87D5-63A42E37E004}.Release|Any CPU.ActiveCfg = Release|Any CPU
		{39AC8EF8-1430-4B4B-87D5-63A42E37E004}.Release|Any CPU.Build.0 = Release|Any CPU
		{ACBF52EE-B4A6-4125-B839-BF24B9E0937C}.Debug|Any CPU.ActiveCfg = Debug|Any CPU
		{ACBF52EE-B4A6-4125-B839-BF24B9E0937C}.Debug|Any CPU.Build.0 = Debug|Any CPU
		{ACBF52EE-B4A6-4125-B839-BF24B9E0937C}.Release|Any CPU.ActiveCfg = Release|Any CPU
		{ACBF52EE-B4A6-4125-B839-BF24B9E0937C}.Release|Any CPU.Build.0 = Release|Any CPU
		{08572B24-6B27-4ACA-9CEC-EDE5C3090BFD}.Debug|Any CPU.ActiveCfg = Debug|Any CPU
		{08572B24-6B27-4ACA-9CEC-EDE5C3090BFD}.Debug|Any CPU.Build.0 = Debug|Any CPU
		{08572B24-6B27-4ACA-9CEC-EDE5C3090BFD}.Release|Any CPU.ActiveCfg = Release|Any CPU
		{08572B24-6B27-4ACA-9CEC-EDE5C3090BFD}.Release|Any CPU.Build.0 = Release|Any CPU
		{D5DCD936-A35A-40A3-9D0A-9E62A34A2311}.Debug|Any CPU.ActiveCfg = Debug|Any CPU
		{D5DCD936-A35A-40A3-9D0A-9E62A34A2311}.Debug|Any CPU.Build.0 = Debug|Any CPU
		{D5DCD936-A35A-40A3-9D0A-9E62A34A2311}.Release|Any CPU.ActiveCfg = Release|Any CPU
		{D5DCD936-A35A-40A3-9D0A-9E62A34A2311}.Release|Any CPU.Build.0 = Release|Any CPU
		{8B50DE0E-EEF1-4A97-B8A9-921F5EE9EA42}.Debug|Any CPU.ActiveCfg = Debug|Any CPU
		{8B50DE0E-EEF1-4A97-B8A9-921F5EE9EA42}.Debug|Any CPU.Build.0 = Debug|Any CPU
		{8B50DE0E-EEF1-4A97-B8A9-921F5EE9EA42}.Release|Any CPU.ActiveCfg = Release|Any CPU
		{8B50DE0E-EEF1-4A97-B8A9-921F5EE9EA42}.Release|Any CPU.Build.0 = Release|Any CPU
		{5C78F286-E019-40C3-A00D-FB5426A2139B}.Debug|Any CPU.ActiveCfg = Debug|Any CPU
		{5C78F286-E019-40C3-A00D-FB5426A2139B}.Debug|Any CPU.Build.0 = Debug|Any CPU
		{5C78F286-E019-40C3-A00D-FB5426A2139B}.Release|Any CPU.ActiveCfg = Release|Any CPU
		{5C78F286-E019-40C3-A00D-FB5426A2139B}.Release|Any CPU.Build.0 = Release|Any CPU
		{B82A2E6E-BEBE-44CB-A21F-512B33239E63}.Debug|Any CPU.ActiveCfg = Debug|Any CPU
		{B82A2E6E-BEBE-44CB-A21F-512B33239E63}.Debug|Any CPU.Build.0 = Debug|Any CPU
		{B82A2E6E-BEBE-44CB-A21F-512B33239E63}.Release|Any CPU.ActiveCfg = Release|Any CPU
		{B82A2E6E-BEBE-44CB-A21F-512B33239E63}.Release|Any CPU.Build.0 = Release|Any CPU
		{77BB53A6-1401-46FC-B8D2-959FA518858B}.Debug|Any CPU.ActiveCfg = Debug|Any CPU
		{77BB53A6-1401-46FC-B8D2-959FA518858B}.Debug|Any CPU.Build.0 = Debug|Any CPU
		{77BB53A6-1401-46FC-B8D2-959FA518858B}.Release|Any CPU.ActiveCfg = Release|Any CPU
		{77BB53A6-1401-46FC-B8D2-959FA518858B}.Release|Any CPU.Build.0 = Release|Any CPU
		{E9767693-F305-4518-ADDF-C23B2B7BE050}.Debug|Any CPU.ActiveCfg = Debug|Any CPU
		{E9767693-F305-4518-ADDF-C23B2B7BE050}.Debug|Any CPU.Build.0 = Debug|Any CPU
		{E9767693-F305-4518-ADDF-C23B2B7BE050}.Release|Any CPU.ActiveCfg = Release|Any CPU
		{E9767693-F305-4518-ADDF-C23B2B7BE050}.Release|Any CPU.Build.0 = Release|Any CPU
	EndGlobalSection
	GlobalSection(SolutionProperties) = preSolution
		HideSolutionNode = FALSE
	EndGlobalSection
	GlobalSection(ExtensibilityGlobals) = postSolution
		SolutionGuid = {51DF36C8-E084-4A40-A013-4E497E4054D6}
	EndGlobalSection
EndGlobal
