
Microsoft Visual Studio Solution File, Format Version 12.00
# Visual Studio Version 16
VisualStudioVersion = 16.0.30717.126
MinimumVisualStudioVersion = 10.0.40219.1
Project("{FAE04EC0-301F-11D3-BF4B-00C04F79EFBC}") = "IteratorsAndComparatorsLab", "IteratorsAndComparatorsLab\IteratorsAndComparatorsLab.csproj", "{A3A111DA-C5A7-4CCB-A0EE-ACA692FE1317}"
EndProject
Project("{FAE04EC0-301F-11D3-BF4B-00C04F79EFBC}") = "IteratorsAndComparators", "IteratorsAndComparators\IteratorsAndComparators.csproj", "{55DF284B-3134-465A-BEC4-7B34D3252356}"
EndProject
Global
	GlobalSection(SolutionConfigurationPlatforms) = preSolution
		Debug|Any CPU = Debug|Any CPU
		Release|Any CPU = Release|Any CPU
	EndGlobalSection
	GlobalSection(ProjectConfigurationPlatforms) = postSolution
		{A3A111DA-C5A7-4CCB-A0EE-ACA692FE1317}.Debug|Any CPU.ActiveCfg = Debug|Any CPU
		{A3A111DA-C5A7-4CCB-A0EE-ACA692FE1317}.Debug|Any CPU.Build.0 = Debug|Any CPU
		{A3A111DA-C5A7-4CCB-A0EE-ACA692FE1317}.Release|Any CPU.ActiveCfg = Release|Any CPU
		{A3A111DA-C5A7-4CCB-A0EE-ACA692FE1317}.Release|Any CPU.Build.0 = Release|Any CPU
		{55DF284B-3134-465A-BEC4-7B34D3252356}.Debug|Any CPU.ActiveCfg = Debug|Any CPU
		{55DF284B-3134-465A-BEC4-7B34D3252356}.Debug|Any CPU.Build.0 = Debug|Any CPU
		{55DF284B-3134-465A-BEC4-7B34D3252356}.Release|Any CPU.ActiveCfg = Release|Any CPU
		{55DF284B-3134-465A-BEC4-7B34D3252356}.Release|Any CPU.Build.0 = Release|Any CPU
	EndGlobalSection
	GlobalSection(SolutionProperties) = preSolution
		HideSolutionNode = FALSE
	EndGlobalSection
	GlobalSection(ExtensibilityGlobals) = postSolution
		SolutionGuid = {A8874D1E-0E24-44F4-BA96-B847CA83FE65}
	EndGlobalSection
EndGlobal
