
Microsoft Visual Studio Solution File, Format Version 12.00
# Visual Studio Version 16
VisualStudioVersion = 16.0.30717.126
MinimumVisualStudioVersion = 10.0.40219.1
Project("{FAE04EC0-301F-11D3-BF4B-00C04F79EFBC}") = "GenericsLab", "GenericsLab\GenericsLab.csproj", "{EE66B25D-0B30-4885-B16E-CA5EC200F715}"
EndProject
Project("{FAE04EC0-301F-11D3-BF4B-00C04F79EFBC}") = "BoxOfT", "BoxOfT\BoxOfT.csproj", "{CC7751A4-3EFD-4C2B-A633-A8FB35565254}"
EndProject
Project("{FAE04EC0-301F-11D3-BF4B-00C04F79EFBC}") = "GenericArrayCreator", "GenericArrayCreator\GenericArrayCreator.csproj", "{3D234980-E045-4865-BFC3-89E411BD306C}"
EndProject
Project("{FAE04EC0-301F-11D3-BF4B-00C04F79EFBC}") = "GenericScale", "GenericScale\GenericScale.csproj", "{0B6A5654-573F-43B5-A445-D6E80D41212E}"
EndProject
Global
	GlobalSection(SolutionConfigurationPlatforms) = preSolution
		Debug|Any CPU = Debug|Any CPU
		Release|Any CPU = Release|Any CPU
	EndGlobalSection
	GlobalSection(ProjectConfigurationPlatforms) = postSolution
		{EE66B25D-0B30-4885-B16E-CA5EC200F715}.Debug|Any CPU.ActiveCfg = Debug|Any CPU
		{EE66B25D-0B30-4885-B16E-CA5EC200F715}.Debug|Any CPU.Build.0 = Debug|Any CPU
		{EE66B25D-0B30-4885-B16E-CA5EC200F715}.Release|Any CPU.ActiveCfg = Release|Any CPU
		{EE66B25D-0B30-4885-B16E-CA5EC200F715}.Release|Any CPU.Build.0 = Release|Any CPU
		{CC7751A4-3EFD-4C2B-A633-A8FB35565254}.Debug|Any CPU.ActiveCfg = Debug|Any CPU
		{CC7751A4-3EFD-4C2B-A633-A8FB35565254}.Debug|Any CPU.Build.0 = Debug|Any CPU
		{CC7751A4-3EFD-4C2B-A633-A8FB35565254}.Release|Any CPU.ActiveCfg = Release|Any CPU
		{CC7751A4-3EFD-4C2B-A633-A8FB35565254}.Release|Any CPU.Build.0 = Release|Any CPU
		{3D234980-E045-4865-BFC3-89E411BD306C}.Debug|Any CPU.ActiveCfg = Debug|Any CPU
		{3D234980-E045-4865-BFC3-89E411BD306C}.Debug|Any CPU.Build.0 = Debug|Any CPU
		{3D234980-E045-4865-BFC3-89E411BD306C}.Release|Any CPU.ActiveCfg = Release|Any CPU
		{3D234980-E045-4865-BFC3-89E411BD306C}.Release|Any CPU.Build.0 = Release|Any CPU
		{0B6A5654-573F-43B5-A445-D6E80D41212E}.Debug|Any CPU.ActiveCfg = Debug|Any CPU
		{0B6A5654-573F-43B5-A445-D6E80D41212E}.Debug|Any CPU.Build.0 = Debug|Any CPU
		{0B6A5654-573F-43B5-A445-D6E80D41212E}.Release|Any CPU.ActiveCfg = Release|Any CPU
		{0B6A5654-573F-43B5-A445-D6E80D41212E}.Release|Any CPU.Build.0 = Release|Any CPU
	EndGlobalSection
	GlobalSection(SolutionProperties) = preSolution
		HideSolutionNode = FALSE
	EndGlobalSection
	GlobalSection(ExtensibilityGlobals) = postSolution
		SolutionGuid = {BB167EA1-98B3-46DD-A066-836BC52F2342}
	EndGlobalSection
EndGlobal
